// !$*UTF8*$!
{
	archiveVersion = 1;
	classes = {
	};
	objectVersion = 56;
	objects = {

/* Begin PBXBuildFile section */
		2250270E29AA39BD003D88EF /* TabBar.storyboard in Resources */ = {isa = PBXBuildFile; fileRef = 2250270C29AA39BD003D88EF /* TabBar.storyboard */; };
		2250271029AA8B6C003D88EF /* Checkbox.swift in Sources */ = {isa = PBXBuildFile; fileRef = 2250270F29AA8B6C003D88EF /* Checkbox.swift */; };
		2250271729AAA143003D88EF /* GoogleSignIn in Frameworks */ = {isa = PBXBuildFile; productRef = 2250271629AAA143003D88EF /* GoogleSignIn */; };
		228219BA29AAC85F00DF704F /* HomeStoryboard.storyboard in Resources */ = {isa = PBXBuildFile; fileRef = 228219B929AAC85F00DF704F /* HomeStoryboard.storyboard */; };
		228219BE29AAC8D700DF704F /* CategoriesStoryboard.storyboard in Resources */ = {isa = PBXBuildFile; fileRef = 228219BC29AAC8D700DF704F /* CategoriesStoryboard.storyboard */; };
		228219C129AAC93300DF704F /* FavoritesStoryboard.storyboard in Resources */ = {isa = PBXBuildFile; fileRef = 228219C029AAC93300DF704F /* FavoritesStoryboard.storyboard */; };
		228219C529AAC99E00DF704F /* MyRecipesStoryboard.storyboard in Resources */ = {isa = PBXBuildFile; fileRef = 228219C329AAC99E00DF704F /* MyRecipesStoryboard.storyboard */; };
		228219C929AACC3B00DF704F /* CategoriesCell.swift in Sources */ = {isa = PBXBuildFile; fileRef = 228219C729AACC3B00DF704F /* CategoriesCell.swift */; };
		228219CA29AACC3B00DF704F /* CategoriesCell.xib in Resources */ = {isa = PBXBuildFile; fileRef = 228219C829AACC3B00DF704F /* CategoriesCell.xib */; };
		228219CE29AACF6D00DF704F /* FoodApiDataSource.swift in Sources */ = {isa = PBXBuildFile; fileRef = 228219CD29AACF6D00DF704F /* FoodApiDataSource.swift */; };
		228219D029AACF7E00DF704F /* Category.swift in Sources */ = {isa = PBXBuildFile; fileRef = 228219CF29AACF7E00DF704F /* Category.swift */; };
		228219D229AACFF600DF704F /* CategoriesResponse.swift in Sources */ = {isa = PBXBuildFile; fileRef = 228219D129AACFF600DF704F /* CategoriesResponse.swift */; };
		228219D429AAD24000DF704F /* CategoriesViewModel.swift in Sources */ = {isa = PBXBuildFile; fileRef = 228219D329AAD24000DF704F /* CategoriesViewModel.swift */; };
		22821A2629AFA78200DF704F /* Meal.swift in Sources */ = {isa = PBXBuildFile; fileRef = 22821A2529AFA78200DF704F /* Meal.swift */; };
		22821A2A29AFA7F900DF704F /* MealResponse.swift in Sources */ = {isa = PBXBuildFile; fileRef = 22821A2929AFA7F900DF704F /* MealResponse.swift */; };
		22821A2D29AFA8B100DF704F /* GetCategoriesUseCase.swift in Sources */ = {isa = PBXBuildFile; fileRef = 22821A2C29AFA8B100DF704F /* GetCategoriesUseCase.swift */; };
		22821A2F29AFA8BC00DF704F /* GetMealsUseCase.swift in Sources */ = {isa = PBXBuildFile; fileRef = 22821A2E29AFA8BC00DF704F /* GetMealsUseCase.swift */; };
		22821A3229B012C000DF704F /* MealsByCategoryViewController.swift in Sources */ = {isa = PBXBuildFile; fileRef = 22821A3129B012C000DF704F /* MealsByCategoryViewController.swift */; };
		22821A3429B0144F00DF704F /* MealsByCategoryStoryboard.storyboard in Resources */ = {isa = PBXBuildFile; fileRef = 22821A3329B0144F00DF704F /* MealsByCategoryStoryboard.storyboard */; };
		22821A3629B016B600DF704F /* MealsByCategoryViewModel.swift in Sources */ = {isa = PBXBuildFile; fileRef = 22821A3529B016B600DF704F /* MealsByCategoryViewModel.swift */; };
		22BFFB9129B1329B0040E92F /* CategoryViewModelToCategoryMapper.swift in Sources */ = {isa = PBXBuildFile; fileRef = 22BFFB9029B1329B0040E92F /* CategoryViewModelToCategoryMapper.swift */; };
		22BFFB9B29B164720040E92F /* MealsCell.swift in Sources */ = {isa = PBXBuildFile; fileRef = 22BFFB9929B164720040E92F /* MealsCell.swift */; };
		22BFFB9C29B164720040E92F /* MealsCell.xib in Resources */ = {isa = PBXBuildFile; fileRef = 22BFFB9A29B164720040E92F /* MealsCell.xib */; };
		22BFFB9E29B1FB570040E92F /* Recipe.swift in Sources */ = {isa = PBXBuildFile; fileRef = 22BFFB9D29B1FB570040E92F /* Recipe.swift */; };
		22BFFBA129B202290040E92F /* RecipeResponse.swift in Sources */ = {isa = PBXBuildFile; fileRef = 22BFFBA029B202290040E92F /* RecipeResponse.swift */; };
		22BFFBA329B2B1F70040E92F /* Colors.swift in Sources */ = {isa = PBXBuildFile; fileRef = 22BFFBA229B2B1F70040E92F /* Colors.swift */; };
		22BFFBA529B411AC0040E92F /* CustomNavigationBar.swift in Sources */ = {isa = PBXBuildFile; fileRef = 22BFFBA429B411AC0040E92F /* CustomNavigationBar.swift */; };
		22BFFBA829BB87590040E92F /* RecipesViewController.swift in Sources */ = {isa = PBXBuildFile; fileRef = 22BFFBA729BB87590040E92F /* RecipesViewController.swift */; };
		22BFFBAA29BB876F0040E92F /* RecipesStoryboard.storyboard in Resources */ = {isa = PBXBuildFile; fileRef = 22BFFBA929BB876F0040E92F /* RecipesStoryboard.storyboard */; };
		22BFFBAD29BB89F70040E92F /* RecipesViewModel.swift in Sources */ = {isa = PBXBuildFile; fileRef = 22BFFBAC29BB89F70040E92F /* RecipesViewModel.swift */; };
		22BFFBB229BF774D0040E92F /* FavoritesViewModel.swift in Sources */ = {isa = PBXBuildFile; fileRef = 22BFFBB129BF774D0040E92F /* FavoritesViewModel.swift */; };
		22F507AE29A7F593009653A3 /* AppDelegate.swift in Sources */ = {isa = PBXBuildFile; fileRef = 22F507AD29A7F593009653A3 /* AppDelegate.swift */; };
		22F507B029A7F593009653A3 /* SceneDelegate.swift in Sources */ = {isa = PBXBuildFile; fileRef = 22F507AF29A7F593009653A3 /* SceneDelegate.swift */; };
		22F507B229A7F593009653A3 /* ViewController.swift in Sources */ = {isa = PBXBuildFile; fileRef = 22F507B129A7F593009653A3 /* ViewController.swift */; };
		22F507B529A7F593009653A3 /* Main.storyboard in Resources */ = {isa = PBXBuildFile; fileRef = 22F507B329A7F593009653A3 /* Main.storyboard */; };
		22F507B729A7F59B009653A3 /* Assets.xcassets in Resources */ = {isa = PBXBuildFile; fileRef = 22F507B629A7F59B009653A3 /* Assets.xcassets */; };
		22F507BA29A7F59B009653A3 /* LaunchScreen.storyboard in Resources */ = {isa = PBXBuildFile; fileRef = 22F507B829A7F59B009653A3 /* LaunchScreen.storyboard */; };
		22F507C529A7F59B009653A3 /* lovecookTests.swift in Sources */ = {isa = PBXBuildFile; fileRef = 22F507C429A7F59B009653A3 /* lovecookTests.swift */; };
		22F507CF29A7F59B009653A3 /* lovecookUITests.swift in Sources */ = {isa = PBXBuildFile; fileRef = 22F507CE29A7F59B009653A3 /* lovecookUITests.swift */; };
		22F507D129A7F59B009653A3 /* lovecookUITestsLaunchTests.swift in Sources */ = {isa = PBXBuildFile; fileRef = 22F507D029A7F59B009653A3 /* lovecookUITestsLaunchTests.swift */; };
		22F507DF29A7FE2B009653A3 /* MainPageViewController.swift in Sources */ = {isa = PBXBuildFile; fileRef = 22F507DE29A7FE2B009653A3 /* MainPageViewController.swift */; };
		22F507E229A81359009653A3 /* food_background.jpg in Resources */ = {isa = PBXBuildFile; fileRef = 22F507E129A81359009653A3 /* food_background.jpg */; };
		22F507E529A82962009653A3 /* CustomButton.swift in Sources */ = {isa = PBXBuildFile; fileRef = 22F507E429A82962009653A3 /* CustomButton.swift */; };
		22F507E729A83690009653A3 /* LogInViewController.swift in Sources */ = {isa = PBXBuildFile; fileRef = 22F507E629A83690009653A3 /* LogInViewController.swift */; };
		22F507E929A93258009653A3 /* SignUpViewController.swift in Sources */ = {isa = PBXBuildFile; fileRef = 22F507E829A93258009653A3 /* SignUpViewController.swift */; };
		22F507EC29A99A85009653A3 /* HomeTableViewController.swift in Sources */ = {isa = PBXBuildFile; fileRef = 22F507EB29A99A85009653A3 /* HomeTableViewController.swift */; };
		22F507EE29A99B40009653A3 /* FavoritesTableViewController.swift in Sources */ = {isa = PBXBuildFile; fileRef = 22F507ED29A99B40009653A3 /* FavoritesTableViewController.swift */; };
		22F507F029A99B9B009653A3 /* CategoriesTableViewController.swift in Sources */ = {isa = PBXBuildFile; fileRef = 22F507EF29A99B9B009653A3 /* CategoriesTableViewController.swift */; };
		22F507F229A99BB0009653A3 /* MyRecipesViewController.swift in Sources */ = {isa = PBXBuildFile; fileRef = 22F507F129A99BB0009653A3 /* MyRecipesViewController.swift */; };
		22F507F429A9A16F009653A3 /* StyledTextField.swift in Sources */ = {isa = PBXBuildFile; fileRef = 22F507F329A9A16F009653A3 /* StyledTextField.swift */; };
		22F507F929AA32E3009653A3 /* TabBarController.swift in Sources */ = {isa = PBXBuildFile; fileRef = 22F507F829AA32E3009653A3 /* TabBarController.swift */; };
/* End PBXBuildFile section */

/* Begin PBXContainerItemProxy section */
		22F507C129A7F59B009653A3 /* PBXContainerItemProxy */ = {
			isa = PBXContainerItemProxy;
			containerPortal = 22F507A229A7F593009653A3 /* Project object */;
			proxyType = 1;
			remoteGlobalIDString = 22F507A929A7F593009653A3;
			remoteInfo = lovecook;
		};
		22F507CB29A7F59B009653A3 /* PBXContainerItemProxy */ = {
			isa = PBXContainerItemProxy;
			containerPortal = 22F507A229A7F593009653A3 /* Project object */;
			proxyType = 1;
			remoteGlobalIDString = 22F507A929A7F593009653A3;
			remoteInfo = lovecook;
		};
/* End PBXContainerItemProxy section */

/* Begin PBXFileReference section */
		2250270D29AA39BD003D88EF /* Base */ = {isa = PBXFileReference; lastKnownFileType = file.storyboard; name = Base; path = lovecook/Main/Base.lproj/TabBar.storyboard; sourceTree = "<group>"; };
		2250270F29AA8B6C003D88EF /* Checkbox.swift */ = {isa = PBXFileReference; lastKnownFileType = sourcecode.swift; path = Checkbox.swift; sourceTree = "<group>"; };
		228219B929AAC85F00DF704F /* HomeStoryboard.storyboard */ = {isa = PBXFileReference; fileEncoding = 4; lastKnownFileType = file.storyboard; path = HomeStoryboard.storyboard; sourceTree = "<group>"; };
		228219BD29AAC8D700DF704F /* Base */ = {isa = PBXFileReference; lastKnownFileType = file.storyboard; name = Base; path = lovecook/TabBar/lovecook/Main/Base.lproj/CategoriesStoryboard.storyboard; sourceTree = "<group>"; };
		228219C029AAC93300DF704F /* FavoritesStoryboard.storyboard */ = {isa = PBXFileReference; fileEncoding = 4; lastKnownFileType = file.storyboard; path = FavoritesStoryboard.storyboard; sourceTree = "<group>"; };
		228219C429AAC99E00DF704F /* Base */ = {isa = PBXFileReference; lastKnownFileType = file.storyboard; name = Base; path = lovecook/TabBar/lovecook/Main/Base.lproj/MyRecipesStoryboard.storyboard; sourceTree = "<group>"; };
		228219C729AACC3B00DF704F /* CategoriesCell.swift */ = {isa = PBXFileReference; lastKnownFileType = sourcecode.swift; path = CategoriesCell.swift; sourceTree = "<group>"; };
		228219C829AACC3B00DF704F /* CategoriesCell.xib */ = {isa = PBXFileReference; lastKnownFileType = file.xib; path = CategoriesCell.xib; sourceTree = "<group>"; };
		228219CD29AACF6D00DF704F /* FoodApiDataSource.swift */ = {isa = PBXFileReference; lastKnownFileType = sourcecode.swift; path = FoodApiDataSource.swift; sourceTree = "<group>"; };
		228219CF29AACF7E00DF704F /* Category.swift */ = {isa = PBXFileReference; lastKnownFileType = sourcecode.swift; path = Category.swift; sourceTree = "<group>"; };
		228219D129AACFF600DF704F /* CategoriesResponse.swift */ = {isa = PBXFileReference; lastKnownFileType = sourcecode.swift; path = CategoriesResponse.swift; sourceTree = "<group>"; };
		228219D329AAD24000DF704F /* CategoriesViewModel.swift */ = {isa = PBXFileReference; lastKnownFileType = sourcecode.swift; path = CategoriesViewModel.swift; sourceTree = "<group>"; };
		22821A2529AFA78200DF704F /* Meal.swift */ = {isa = PBXFileReference; lastKnownFileType = sourcecode.swift; path = Meal.swift; sourceTree = "<group>"; };
		22821A2929AFA7F900DF704F /* MealResponse.swift */ = {isa = PBXFileReference; lastKnownFileType = sourcecode.swift; path = MealResponse.swift; sourceTree = "<group>"; };
		22821A2C29AFA8B100DF704F /* GetCategoriesUseCase.swift */ = {isa = PBXFileReference; lastKnownFileType = sourcecode.swift; path = GetCategoriesUseCase.swift; sourceTree = "<group>"; };
		22821A2E29AFA8BC00DF704F /* GetMealsUseCase.swift */ = {isa = PBXFileReference; lastKnownFileType = sourcecode.swift; path = GetMealsUseCase.swift; sourceTree = "<group>"; };
		22821A3129B012C000DF704F /* MealsByCategoryViewController.swift */ = {isa = PBXFileReference; lastKnownFileType = sourcecode.swift; path = MealsByCategoryViewController.swift; sourceTree = "<group>"; };
		22821A3329B0144F00DF704F /* MealsByCategoryStoryboard.storyboard */ = {isa = PBXFileReference; fileEncoding = 4; lastKnownFileType = file.storyboard; path = MealsByCategoryStoryboard.storyboard; sourceTree = "<group>"; };
		22821A3529B016B600DF704F /* MealsByCategoryViewModel.swift */ = {isa = PBXFileReference; lastKnownFileType = sourcecode.swift; path = MealsByCategoryViewModel.swift; sourceTree = "<group>"; };
		22BFFB9029B1329B0040E92F /* CategoryViewModelToCategoryMapper.swift */ = {isa = PBXFileReference; lastKnownFileType = sourcecode.swift; path = CategoryViewModelToCategoryMapper.swift; sourceTree = "<group>"; };
		22BFFB9929B164720040E92F /* MealsCell.swift */ = {isa = PBXFileReference; lastKnownFileType = sourcecode.swift; path = MealsCell.swift; sourceTree = "<group>"; };
		22BFFB9A29B164720040E92F /* MealsCell.xib */ = {isa = PBXFileReference; lastKnownFileType = file.xib; path = MealsCell.xib; sourceTree = "<group>"; };
		22BFFB9D29B1FB570040E92F /* Recipe.swift */ = {isa = PBXFileReference; lastKnownFileType = sourcecode.swift; path = Recipe.swift; sourceTree = "<group>"; };
		22BFFBA029B202290040E92F /* RecipeResponse.swift */ = {isa = PBXFileReference; lastKnownFileType = sourcecode.swift; path = RecipeResponse.swift; sourceTree = "<group>"; };
		22BFFBA229B2B1F70040E92F /* Colors.swift */ = {isa = PBXFileReference; lastKnownFileType = sourcecode.swift; path = Colors.swift; sourceTree = "<group>"; };
		22BFFBA429B411AC0040E92F /* CustomNavigationBar.swift */ = {isa = PBXFileReference; lastKnownFileType = sourcecode.swift; path = CustomNavigationBar.swift; sourceTree = "<group>"; };
		22BFFBA729BB87590040E92F /* RecipesViewController.swift */ = {isa = PBXFileReference; lastKnownFileType = sourcecode.swift; path = RecipesViewController.swift; sourceTree = "<group>"; };
		22BFFBA929BB876F0040E92F /* RecipesStoryboard.storyboard */ = {isa = PBXFileReference; lastKnownFileType = file.storyboard; path = RecipesStoryboard.storyboard; sourceTree = "<group>"; };
		22BFFBAC29BB89F70040E92F /* RecipesViewModel.swift */ = {isa = PBXFileReference; lastKnownFileType = sourcecode.swift; path = RecipesViewModel.swift; sourceTree = "<group>"; };
		22BFFBB129BF774D0040E92F /* FavoritesViewModel.swift */ = {isa = PBXFileReference; lastKnownFileType = sourcecode.swift; path = FavoritesViewModel.swift; sourceTree = "<group>"; };
		22F507AA29A7F593009653A3 /* lovecook.app */ = {isa = PBXFileReference; explicitFileType = wrapper.application; includeInIndex = 0; path = lovecook.app; sourceTree = BUILT_PRODUCTS_DIR; };
		22F507AD29A7F593009653A3 /* AppDelegate.swift */ = {isa = PBXFileReference; lastKnownFileType = sourcecode.swift; path = AppDelegate.swift; sourceTree = "<group>"; };
		22F507AF29A7F593009653A3 /* SceneDelegate.swift */ = {isa = PBXFileReference; lastKnownFileType = sourcecode.swift; path = SceneDelegate.swift; sourceTree = "<group>"; };
		22F507B129A7F593009653A3 /* ViewController.swift */ = {isa = PBXFileReference; lastKnownFileType = sourcecode.swift; path = ViewController.swift; sourceTree = "<group>"; };
		22F507B429A7F593009653A3 /* Base */ = {isa = PBXFileReference; lastKnownFileType = file.storyboard; name = Base; path = Base.lproj/Main.storyboard; sourceTree = "<group>"; };
		22F507B629A7F59B009653A3 /* Assets.xcassets */ = {isa = PBXFileReference; lastKnownFileType = folder.assetcatalog; path = Assets.xcassets; sourceTree = "<group>"; };
		22F507B929A7F59B009653A3 /* Base */ = {isa = PBXFileReference; lastKnownFileType = file.storyboard; name = Base; path = Base.lproj/LaunchScreen.storyboard; sourceTree = "<group>"; };
		22F507BB29A7F59B009653A3 /* Info.plist */ = {isa = PBXFileReference; lastKnownFileType = text.plist.xml; path = Info.plist; sourceTree = "<group>"; };
		22F507C029A7F59B009653A3 /* lovecookTests.xctest */ = {isa = PBXFileReference; explicitFileType = wrapper.cfbundle; includeInIndex = 0; path = lovecookTests.xctest; sourceTree = BUILT_PRODUCTS_DIR; };
		22F507C429A7F59B009653A3 /* lovecookTests.swift */ = {isa = PBXFileReference; lastKnownFileType = sourcecode.swift; path = lovecookTests.swift; sourceTree = "<group>"; };
		22F507CA29A7F59B009653A3 /* lovecookUITests.xctest */ = {isa = PBXFileReference; explicitFileType = wrapper.cfbundle; includeInIndex = 0; path = lovecookUITests.xctest; sourceTree = BUILT_PRODUCTS_DIR; };
		22F507CE29A7F59B009653A3 /* lovecookUITests.swift */ = {isa = PBXFileReference; lastKnownFileType = sourcecode.swift; path = lovecookUITests.swift; sourceTree = "<group>"; };
		22F507D029A7F59B009653A3 /* lovecookUITestsLaunchTests.swift */ = {isa = PBXFileReference; lastKnownFileType = sourcecode.swift; path = lovecookUITestsLaunchTests.swift; sourceTree = "<group>"; };
		22F507DE29A7FE2B009653A3 /* MainPageViewController.swift */ = {isa = PBXFileReference; lastKnownFileType = sourcecode.swift; path = MainPageViewController.swift; sourceTree = "<group>"; };
		22F507E129A81359009653A3 /* food_background.jpg */ = {isa = PBXFileReference; lastKnownFileType = image.jpeg; path = food_background.jpg; sourceTree = "<group>"; };
		22F507E429A82962009653A3 /* CustomButton.swift */ = {isa = PBXFileReference; lastKnownFileType = sourcecode.swift; path = CustomButton.swift; sourceTree = "<group>"; };
		22F507E629A83690009653A3 /* LogInViewController.swift */ = {isa = PBXFileReference; lastKnownFileType = sourcecode.swift; path = LogInViewController.swift; sourceTree = "<group>"; };
		22F507E829A93258009653A3 /* SignUpViewController.swift */ = {isa = PBXFileReference; lastKnownFileType = sourcecode.swift; path = SignUpViewController.swift; sourceTree = "<group>"; };
		22F507EB29A99A85009653A3 /* HomeTableViewController.swift */ = {isa = PBXFileReference; lastKnownFileType = sourcecode.swift; path = HomeTableViewController.swift; sourceTree = "<group>"; };
		22F507ED29A99B40009653A3 /* FavoritesTableViewController.swift */ = {isa = PBXFileReference; lastKnownFileType = sourcecode.swift; path = FavoritesTableViewController.swift; sourceTree = "<group>"; };
		22F507EF29A99B9B009653A3 /* CategoriesTableViewController.swift */ = {isa = PBXFileReference; lastKnownFileType = sourcecode.swift; path = CategoriesTableViewController.swift; sourceTree = "<group>"; };
		22F507F129A99BB0009653A3 /* MyRecipesViewController.swift */ = {isa = PBXFileReference; lastKnownFileType = sourcecode.swift; path = MyRecipesViewController.swift; sourceTree = "<group>"; };
		22F507F329A9A16F009653A3 /* StyledTextField.swift */ = {isa = PBXFileReference; lastKnownFileType = sourcecode.swift; path = StyledTextField.swift; sourceTree = "<group>"; };
		22F507F829AA32E3009653A3 /* TabBarController.swift */ = {isa = PBXFileReference; lastKnownFileType = sourcecode.swift; path = TabBarController.swift; sourceTree = "<group>"; };
/* End PBXFileReference section */

/* Begin PBXFrameworksBuildPhase section */
		22F507A729A7F593009653A3 /* Frameworks */ = {
			isa = PBXFrameworksBuildPhase;
			buildActionMask = 2147483647;
			files = (
				2250271729AAA143003D88EF /* GoogleSignIn in Frameworks */,
			);
			runOnlyForDeploymentPostprocessing = 0;
		};
		22F507BD29A7F59B009653A3 /* Frameworks */ = {
			isa = PBXFrameworksBuildPhase;
			buildActionMask = 2147483647;
			files = (
			);
			runOnlyForDeploymentPostprocessing = 0;
		};
		22F507C729A7F59B009653A3 /* Frameworks */ = {
			isa = PBXFrameworksBuildPhase;
			buildActionMask = 2147483647;
			files = (
			);
			runOnlyForDeploymentPostprocessing = 0;
		};
/* End PBXFrameworksBuildPhase section */

/* Begin PBXGroup section */
		2250271129AA987B003D88EF /* Home */ = {
			isa = PBXGroup;
			children = (
				228219B929AAC85F00DF704F /* HomeStoryboard.storyboard */,
				22F507EB29A99A85009653A3 /* HomeTableViewController.swift */,
			);
			path = Home;
			sourceTree = "<group>";
		};
		228219BB29AAC8B000DF704F /* Categories */ = {
			isa = PBXGroup;
			children = (
				228219BC29AAC8D700DF704F /* CategoriesStoryboard.storyboard */,
				22F507EF29A99B9B009653A3 /* CategoriesTableViewController.swift */,
				228219D529AAD24500DF704F /* ViewModel */,
				228219C629AACBC900DF704F /* Cells */,
			);
			path = Categories;
			sourceTree = "<group>";
		};
		228219BF29AAC90A00DF704F /* Favorites */ = {
			isa = PBXGroup;
			children = (
				228219C029AAC93300DF704F /* FavoritesStoryboard.storyboard */,
				22F507ED29A99B40009653A3 /* FavoritesTableViewController.swift */,
				22BFFBB029BF77370040E92F /* ViewModel */,
			);
			path = Favorites;
			sourceTree = "<group>";
		};
		228219C229AAC97800DF704F /* MyRecipes */ = {
			isa = PBXGroup;
			children = (
				228219C329AAC99E00DF704F /* MyRecipesStoryboard.storyboard */,
				22F507F129A99BB0009653A3 /* MyRecipesViewController.swift */,
			);
			path = MyRecipes;
			sourceTree = "<group>";
		};
		228219C629AACBC900DF704F /* Cells */ = {
			isa = PBXGroup;
			children = (
				228219C829AACC3B00DF704F /* CategoriesCell.xib */,
				228219C729AACC3B00DF704F /* CategoriesCell.swift */,
			);
			path = Cells;
			sourceTree = "<group>";
		};
		228219CB29AACF2700DF704F /* API */ = {
			isa = PBXGroup;
			children = (
				228219CD29AACF6D00DF704F /* FoodApiDataSource.swift */,
				22BFFB8F29B132760040E92F /* Mappers */,
				22821A2B29AFA8A100DF704F /* UseCases */,
				228219CC29AACF2F00DF704F /* Models */,
			);
			path = API;
			sourceTree = "<group>";
		};
		228219CC29AACF2F00DF704F /* Models */ = {
			isa = PBXGroup;
			children = (
				22BFFB9F29B201E70040E92F /* Recipe */,
				22821A2829AFA7E100DF704F /* Meal */,
				22821A2729AFA7D300DF704F /* Category */,
			);
			path = Models;
			sourceTree = "<group>";
		};
		228219D529AAD24500DF704F /* ViewModel */ = {
			isa = PBXGroup;
			children = (
				228219D329AAD24000DF704F /* CategoriesViewModel.swift */,
			);
			path = ViewModel;
			sourceTree = "<group>";
		};
		22821A2729AFA7D300DF704F /* Category */ = {
			isa = PBXGroup;
			children = (
				228219CF29AACF7E00DF704F /* Category.swift */,
				228219D129AACFF600DF704F /* CategoriesResponse.swift */,
			);
			path = Category;
			sourceTree = "<group>";
		};
		22821A2829AFA7E100DF704F /* Meal */ = {
			isa = PBXGroup;
			children = (
				22821A2529AFA78200DF704F /* Meal.swift */,
				22821A2929AFA7F900DF704F /* MealResponse.swift */,
			);
			path = Meal;
			sourceTree = "<group>";
		};
		22821A2B29AFA8A100DF704F /* UseCases */ = {
			isa = PBXGroup;
			children = (
				22821A2C29AFA8B100DF704F /* GetCategoriesUseCase.swift */,
				22821A2E29AFA8BC00DF704F /* GetMealsUseCase.swift */,
			);
			path = UseCases;
			sourceTree = "<group>";
		};
		22821A3029B0123900DF704F /* MealsByCategory */ = {
			isa = PBXGroup;
			children = (
				22821A3329B0144F00DF704F /* MealsByCategoryStoryboard.storyboard */,
				22821A3129B012C000DF704F /* MealsByCategoryViewController.swift */,
				22BFFB8B29B125670040E92F /* ViewModel */,
				22BFFB9229B160BA0040E92F /* Cells */,
			);
			path = MealsByCategory;
			sourceTree = "<group>";
		};
		22BFFB8B29B125670040E92F /* ViewModel */ = {
			isa = PBXGroup;
			children = (
				22821A3529B016B600DF704F /* MealsByCategoryViewModel.swift */,
			);
			path = ViewModel;
			sourceTree = "<group>";
		};
		22BFFB8F29B132760040E92F /* Mappers */ = {
			isa = PBXGroup;
			children = (
				22BFFB9029B1329B0040E92F /* CategoryViewModelToCategoryMapper.swift */,
			);
			path = Mappers;
			sourceTree = "<group>";
		};
		22BFFB9229B160BA0040E92F /* Cells */ = {
			isa = PBXGroup;
			children = (
				22BFFB9929B164720040E92F /* MealsCell.swift */,
				22BFFB9A29B164720040E92F /* MealsCell.xib */,
			);
			path = Cells;
			sourceTree = "<group>";
		};
		22BFFB9F29B201E70040E92F /* Recipe */ = {
			isa = PBXGroup;
			children = (
				22BFFB9D29B1FB570040E92F /* Recipe.swift */,
				22BFFBA029B202290040E92F /* RecipeResponse.swift */,
			);
			path = Recipe;
			sourceTree = "<group>";
		};
		22BFFBA629BB86A80040E92F /* Recipes */ = {
			isa = PBXGroup;
			children = (
				22BFFBA929BB876F0040E92F /* RecipesStoryboard.storyboard */,
				22BFFBA729BB87590040E92F /* RecipesViewController.swift */,
				22BFFBAB29BB89DB0040E92F /* ViewModel */,
			);
			path = Recipes;
			sourceTree = "<group>";
		};
		22BFFBAB29BB89DB0040E92F /* ViewModel */ = {
			isa = PBXGroup;
			children = (
				22BFFBAC29BB89F70040E92F /* RecipesViewModel.swift */,
			);
			path = ViewModel;
			sourceTree = "<group>";
		};
		22BFFBB029BF77370040E92F /* ViewModel */ = {
			isa = PBXGroup;
			children = (
				22BFFBB129BF774D0040E92F /* FavoritesViewModel.swift */,
			);
			path = ViewModel;
			sourceTree = "<group>";
		};
		22F507A129A7F593009653A3 = {
			isa = PBXGroup;
			children = (
				22F507AC29A7F593009653A3 /* lovecook */,
				22F507C329A7F59B009653A3 /* lovecookTests */,
				22F507CD29A7F59B009653A3 /* lovecookUITests */,
				22F507AB29A7F593009653A3 /* Products */,
			);
			sourceTree = "<group>";
		};
		22F507AB29A7F593009653A3 /* Products */ = {
			isa = PBXGroup;
			children = (
				22F507AA29A7F593009653A3 /* lovecook.app */,
				22F507C029A7F59B009653A3 /* lovecookTests.xctest */,
				22F507CA29A7F59B009653A3 /* lovecookUITests.xctest */,
			);
			name = Products;
			sourceTree = "<group>";
		};
		22F507AC29A7F593009653A3 /* lovecook */ = {
			isa = PBXGroup;
			children = (
				22F507E329A8292B009653A3 /* CustomElements */,
				228219CB29AACF2700DF704F /* API */,
				228219C229AAC97800DF704F /* MyRecipes */,
				228219BF29AAC90A00DF704F /* Favorites */,
				2250271129AA987B003D88EF /* Home */,
				228219BB29AAC8B000DF704F /* Categories */,
				22821A3029B0123900DF704F /* MealsByCategory */,
				22BFFBA629BB86A80040E92F /* Recipes */,
				22F507EA29A99A6B009653A3 /* TabBar */,
				22F507DD29A7FE09009653A3 /* Main */,
				22F507AD29A7F593009653A3 /* AppDelegate.swift */,
				22F507B129A7F593009653A3 /* ViewController.swift */,
				22F507AF29A7F593009653A3 /* SceneDelegate.swift */,
				22F507E029A8134A009653A3 /* Images */,
				22F507B629A7F59B009653A3 /* Assets.xcassets */,
				22F507B829A7F59B009653A3 /* LaunchScreen.storyboard */,
				22F507BB29A7F59B009653A3 /* Info.plist */,
			);
			path = lovecook;
			sourceTree = "<group>";
		};
		22F507C329A7F59B009653A3 /* lovecookTests */ = {
			isa = PBXGroup;
			children = (
				22F507C429A7F59B009653A3 /* lovecookTests.swift */,
			);
			path = lovecookTests;
			sourceTree = "<group>";
		};
		22F507CD29A7F59B009653A3 /* lovecookUITests */ = {
			isa = PBXGroup;
			children = (
				22F507CE29A7F59B009653A3 /* lovecookUITests.swift */,
				22F507D029A7F59B009653A3 /* lovecookUITestsLaunchTests.swift */,
			);
			path = lovecookUITests;
			sourceTree = "<group>";
		};
		22F507DD29A7FE09009653A3 /* Main */ = {
			isa = PBXGroup;
			children = (
				22F507B329A7F593009653A3 /* Main.storyboard */,
				22F507DE29A7FE2B009653A3 /* MainPageViewController.swift */,
				22F507E629A83690009653A3 /* LogInViewController.swift */,
				22F507E829A93258009653A3 /* SignUpViewController.swift */,
			);
			path = Main;
			sourceTree = "<group>";
		};
		22F507E029A8134A009653A3 /* Images */ = {
			isa = PBXGroup;
			children = (
				22F507E129A81359009653A3 /* food_background.jpg */,
			);
			path = Images;
			sourceTree = "<group>";
		};
		22F507E329A8292B009653A3 /* CustomElements */ = {
			isa = PBXGroup;
			children = (
				2250270F29AA8B6C003D88EF /* Checkbox.swift */,
				22F507E429A82962009653A3 /* CustomButton.swift */,
				22F507F329A9A16F009653A3 /* StyledTextField.swift */,
				22BFFBA229B2B1F70040E92F /* Colors.swift */,
				22BFFBA429B411AC0040E92F /* CustomNavigationBar.swift */,
			);
			path = CustomElements;
			sourceTree = "<group>";
		};
		22F507EA29A99A6B009653A3 /* TabBar */ = {
			isa = PBXGroup;
			children = (
				2250270C29AA39BD003D88EF /* TabBar.storyboard */,
				22F507F829AA32E3009653A3 /* TabBarController.swift */,
			);
			path = TabBar;
			sourceTree = "<group>";
		};
/* End PBXGroup section */

/* Begin PBXNativeTarget section */
		22F507A929A7F593009653A3 /* lovecook */ = {
			isa = PBXNativeTarget;
			buildConfigurationList = 22F507D429A7F59B009653A3 /* Build configuration list for PBXNativeTarget "lovecook" */;
			buildPhases = (
				22F507A629A7F593009653A3 /* Sources */,
				22F507A729A7F593009653A3 /* Frameworks */,
				22F507A829A7F593009653A3 /* Resources */,
			);
			buildRules = (
			);
			dependencies = (
			);
			name = lovecook;
			packageProductDependencies = (
				2250271629AAA143003D88EF /* GoogleSignIn */,
			);
			productName = lovecook;
			productReference = 22F507AA29A7F593009653A3 /* lovecook.app */;
			productType = "com.apple.product-type.application";
		};
		22F507BF29A7F59B009653A3 /* lovecookTests */ = {
			isa = PBXNativeTarget;
			buildConfigurationList = 22F507D729A7F59B009653A3 /* Build configuration list for PBXNativeTarget "lovecookTests" */;
			buildPhases = (
				22F507BC29A7F59B009653A3 /* Sources */,
				22F507BD29A7F59B009653A3 /* Frameworks */,
				22F507BE29A7F59B009653A3 /* Resources */,
			);
			buildRules = (
			);
			dependencies = (
				22F507C229A7F59B009653A3 /* PBXTargetDependency */,
			);
			name = lovecookTests;
			productName = lovecookTests;
			productReference = 22F507C029A7F59B009653A3 /* lovecookTests.xctest */;
			productType = "com.apple.product-type.bundle.unit-test";
		};
		22F507C929A7F59B009653A3 /* lovecookUITests */ = {
			isa = PBXNativeTarget;
			buildConfigurationList = 22F507DA29A7F59B009653A3 /* Build configuration list for PBXNativeTarget "lovecookUITests" */;
			buildPhases = (
				22F507C629A7F59B009653A3 /* Sources */,
				22F507C729A7F59B009653A3 /* Frameworks */,
				22F507C829A7F59B009653A3 /* Resources */,
			);
			buildRules = (
			);
			dependencies = (
				22F507CC29A7F59B009653A3 /* PBXTargetDependency */,
			);
			name = lovecookUITests;
			productName = lovecookUITests;
			productReference = 22F507CA29A7F59B009653A3 /* lovecookUITests.xctest */;
			productType = "com.apple.product-type.bundle.ui-testing";
		};
/* End PBXNativeTarget section */

/* Begin PBXProject section */
		22F507A229A7F593009653A3 /* Project object */ = {
			isa = PBXProject;
			attributes = {
				BuildIndependentTargetsInParallel = 1;
				LastSwiftUpdateCheck = 1420;
				LastUpgradeCheck = 1420;
				TargetAttributes = {
					22F507A929A7F593009653A3 = {
						CreatedOnToolsVersion = 14.2;
					};
					22F507BF29A7F59B009653A3 = {
						CreatedOnToolsVersion = 14.2;
						TestTargetID = 22F507A929A7F593009653A3;
					};
					22F507C929A7F59B009653A3 = {
						CreatedOnToolsVersion = 14.2;
						TestTargetID = 22F507A929A7F593009653A3;
					};
				};
			};
			buildConfigurationList = 22F507A529A7F593009653A3 /* Build configuration list for PBXProject "lovecook" */;
			compatibilityVersion = "Xcode 14.0";
			developmentRegion = en;
			hasScannedForEncodings = 0;
			knownRegions = (
				en,
				Base,
			);
			mainGroup = 22F507A129A7F593009653A3;
			packageReferences = (
				2250271529AAA143003D88EF /* XCRemoteSwiftPackageReference "GoogleSignIn-iOS" */,
			);
			productRefGroup = 22F507AB29A7F593009653A3 /* Products */;
			projectDirPath = "";
			projectRoot = "";
			targets = (
				22F507A929A7F593009653A3 /* lovecook */,
				22F507BF29A7F59B009653A3 /* lovecookTests */,
				22F507C929A7F59B009653A3 /* lovecookUITests */,
			);
		};
/* End PBXProject section */

/* Begin PBXResourcesBuildPhase section */
		22F507A829A7F593009653A3 /* Resources */ = {
			isa = PBXResourcesBuildPhase;
			buildActionMask = 2147483647;
			files = (
				2250270E29AA39BD003D88EF /* TabBar.storyboard in Resources */,
				228219C129AAC93300DF704F /* FavoritesStoryboard.storyboard in Resources */,
				22BFFBAA29BB876F0040E92F /* RecipesStoryboard.storyboard in Resources */,
				22821A3429B0144F00DF704F /* MealsByCategoryStoryboard.storyboard in Resources */,
				22F507BA29A7F59B009653A3 /* LaunchScreen.storyboard in Resources */,
				228219BE29AAC8D700DF704F /* CategoriesStoryboard.storyboard in Resources */,
				228219BA29AAC85F00DF704F /* HomeStoryboard.storyboard in Resources */,
				228219CA29AACC3B00DF704F /* CategoriesCell.xib in Resources */,
				22F507E229A81359009653A3 /* food_background.jpg in Resources */,
				22BFFB9C29B164720040E92F /* MealsCell.xib in Resources */,
				22F507B729A7F59B009653A3 /* Assets.xcassets in Resources */,
				228219C529AAC99E00DF704F /* MyRecipesStoryboard.storyboard in Resources */,
				22F507B529A7F593009653A3 /* Main.storyboard in Resources */,
			);
			runOnlyForDeploymentPostprocessing = 0;
		};
		22F507BE29A7F59B009653A3 /* Resources */ = {
			isa = PBXResourcesBuildPhase;
			buildActionMask = 2147483647;
			files = (
			);
			runOnlyForDeploymentPostprocessing = 0;
		};
		22F507C829A7F59B009653A3 /* Resources */ = {
			isa = PBXResourcesBuildPhase;
			buildActionMask = 2147483647;
			files = (
			);
			runOnlyForDeploymentPostprocessing = 0;
		};
/* End PBXResourcesBuildPhase section */

/* Begin PBXSourcesBuildPhase section */
		22F507A629A7F593009653A3 /* Sources */ = {
			isa = PBXSourcesBuildPhase;
			buildActionMask = 2147483647;
			files = (
				22BFFBA829BB87590040E92F /* RecipesViewController.swift in Sources */,
				22821A2629AFA78200DF704F /* Meal.swift in Sources */,
				22BFFBA329B2B1F70040E92F /* Colors.swift in Sources */,
				22BFFBAD29BB89F70040E92F /* RecipesViewModel.swift in Sources */,
				228219C929AACC3B00DF704F /* CategoriesCell.swift in Sources */,
				22821A2F29AFA8BC00DF704F /* GetMealsUseCase.swift in Sources */,
				22F507EC29A99A85009653A3 /* HomeTableViewController.swift in Sources */,
				22BFFBA529B411AC0040E92F /* CustomNavigationBar.swift in Sources */,
				22BFFB9B29B164720040E92F /* MealsCell.swift in Sources */,
				22F507F929AA32E3009653A3 /* TabBarController.swift in Sources */,
				22821A3629B016B600DF704F /* MealsByCategoryViewModel.swift in Sources */,
				22F507DF29A7FE2B009653A3 /* MainPageViewController.swift in Sources */,
				22F507E929A93258009653A3 /* SignUpViewController.swift in Sources */,
				2250271029AA8B6C003D88EF /* Checkbox.swift in Sources */,
				22F507EE29A99B40009653A3 /* FavoritesTableViewController.swift in Sources */,
				22821A2D29AFA8B100DF704F /* GetCategoriesUseCase.swift in Sources */,
				22F507F029A99B9B009653A3 /* CategoriesTableViewController.swift in Sources */,
				22821A2A29AFA7F900DF704F /* MealResponse.swift in Sources */,
				22F507B229A7F593009653A3 /* ViewController.swift in Sources */,
				22F507F429A9A16F009653A3 /* StyledTextField.swift in Sources */,
				22F507F229A99BB0009653A3 /* MyRecipesViewController.swift in Sources */,
				22BFFB9129B1329B0040E92F /* CategoryViewModelToCategoryMapper.swift in Sources */,
				228219D429AAD24000DF704F /* CategoriesViewModel.swift in Sources */,
				228219D029AACF7E00DF704F /* Category.swift in Sources */,
				22BFFBB229BF774D0040E92F /* FavoritesViewModel.swift in Sources */,
				228219D229AACFF600DF704F /* CategoriesResponse.swift in Sources */,
				22F507E729A83690009653A3 /* LogInViewController.swift in Sources */,
				22BFFBA129B202290040E92F /* RecipeResponse.swift in Sources */,
				22F507AE29A7F593009653A3 /* AppDelegate.swift in Sources */,
				22BFFB9E29B1FB570040E92F /* Recipe.swift in Sources */,
				22F507B029A7F593009653A3 /* SceneDelegate.swift in Sources */,
				22821A3229B012C000DF704F /* MealsByCategoryViewController.swift in Sources */,
				22F507E529A82962009653A3 /* CustomButton.swift in Sources */,
				228219CE29AACF6D00DF704F /* FoodApiDataSource.swift in Sources */,
			);
			runOnlyForDeploymentPostprocessing = 0;
		};
		22F507BC29A7F59B009653A3 /* Sources */ = {
			isa = PBXSourcesBuildPhase;
			buildActionMask = 2147483647;
			files = (
				22F507C529A7F59B009653A3 /* lovecookTests.swift in Sources */,
			);
			runOnlyForDeploymentPostprocessing = 0;
		};
		22F507C629A7F59B009653A3 /* Sources */ = {
			isa = PBXSourcesBuildPhase;
			buildActionMask = 2147483647;
			files = (
				22F507D129A7F59B009653A3 /* lovecookUITestsLaunchTests.swift in Sources */,
				22F507CF29A7F59B009653A3 /* lovecookUITests.swift in Sources */,
			);
			runOnlyForDeploymentPostprocessing = 0;
		};
/* End PBXSourcesBuildPhase section */

/* Begin PBXTargetDependency section */
		22F507C229A7F59B009653A3 /* PBXTargetDependency */ = {
			isa = PBXTargetDependency;
			target = 22F507A929A7F593009653A3 /* lovecook */;
			targetProxy = 22F507C129A7F59B009653A3 /* PBXContainerItemProxy */;
		};
		22F507CC29A7F59B009653A3 /* PBXTargetDependency */ = {
			isa = PBXTargetDependency;
			target = 22F507A929A7F593009653A3 /* lovecook */;
			targetProxy = 22F507CB29A7F59B009653A3 /* PBXContainerItemProxy */;
		};
/* End PBXTargetDependency section */

/* Begin PBXVariantGroup section */
		2250270C29AA39BD003D88EF /* TabBar.storyboard */ = {
			isa = PBXVariantGroup;
			children = (
				2250270D29AA39BD003D88EF /* Base */,
			);
			name = TabBar.storyboard;
			sourceTree = "<group>";
		};
		228219BC29AAC8D700DF704F /* CategoriesStoryboard.storyboard */ = {
			isa = PBXVariantGroup;
			children = (
				228219BD29AAC8D700DF704F /* Base */,
			);
			name = CategoriesStoryboard.storyboard;
			sourceTree = "<group>";
		};
		228219C329AAC99E00DF704F /* MyRecipesStoryboard.storyboard */ = {
			isa = PBXVariantGroup;
			children = (
				228219C429AAC99E00DF704F /* Base */,
			);
			name = MyRecipesStoryboard.storyboard;
			sourceTree = "<group>";
		};
		22F507B329A7F593009653A3 /* Main.storyboard */ = {
			isa = PBXVariantGroup;
			children = (
				22F507B429A7F593009653A3 /* Base */,
			);
			name = Main.storyboard;
			sourceTree = "<group>";
		};
		22F507B829A7F59B009653A3 /* LaunchScreen.storyboard */ = {
			isa = PBXVariantGroup;
			children = (
				22F507B929A7F59B009653A3 /* Base */,
			);
			name = LaunchScreen.storyboard;
			sourceTree = "<group>";
		};
/* End PBXVariantGroup section */

/* Begin XCBuildConfiguration section */
		22F507D229A7F59B009653A3 /* Debug */ = {
			isa = XCBuildConfiguration;
			buildSettings = {
				ALWAYS_SEARCH_USER_PATHS = NO;
				CLANG_ANALYZER_NONNULL = YES;
				CLANG_ANALYZER_NUMBER_OBJECT_CONVERSION = YES_AGGRESSIVE;
				CLANG_CXX_LANGUAGE_STANDARD = "gnu++20";
				CLANG_ENABLE_MODULES = YES;
				CLANG_ENABLE_OBJC_ARC = YES;
				CLANG_ENABLE_OBJC_WEAK = YES;
				CLANG_WARN_BLOCK_CAPTURE_AUTORELEASING = YES;
				CLANG_WARN_BOOL_CONVERSION = YES;
				CLANG_WARN_COMMA = YES;
				CLANG_WARN_CONSTANT_CONVERSION = YES;
				CLANG_WARN_DEPRECATED_OBJC_IMPLEMENTATIONS = YES;
				CLANG_WARN_DIRECT_OBJC_ISA_USAGE = YES_ERROR;
				CLANG_WARN_DOCUMENTATION_COMMENTS = YES;
				CLANG_WARN_EMPTY_BODY = YES;
				CLANG_WARN_ENUM_CONVERSION = YES;
				CLANG_WARN_INFINITE_RECURSION = YES;
				CLANG_WARN_INT_CONVERSION = YES;
				CLANG_WARN_NON_LITERAL_NULL_CONVERSION = YES;
				CLANG_WARN_OBJC_IMPLICIT_RETAIN_SELF = YES;
				CLANG_WARN_OBJC_LITERAL_CONVERSION = YES;
				CLANG_WARN_OBJC_ROOT_CLASS = YES_ERROR;
				CLANG_WARN_QUOTED_INCLUDE_IN_FRAMEWORK_HEADER = YES;
				CLANG_WARN_RANGE_LOOP_ANALYSIS = YES;
				CLANG_WARN_STRICT_PROTOTYPES = YES;
				CLANG_WARN_SUSPICIOUS_MOVE = YES;
				CLANG_WARN_UNGUARDED_AVAILABILITY = YES_AGGRESSIVE;
				CLANG_WARN_UNREACHABLE_CODE = YES;
				CLANG_WARN__DUPLICATE_METHOD_MATCH = YES;
				COPY_PHASE_STRIP = NO;
				DEBUG_INFORMATION_FORMAT = dwarf;
				ENABLE_STRICT_OBJC_MSGSEND = YES;
				ENABLE_TESTABILITY = YES;
				GCC_C_LANGUAGE_STANDARD = gnu11;
				GCC_DYNAMIC_NO_PIC = NO;
				GCC_NO_COMMON_BLOCKS = YES;
				GCC_OPTIMIZATION_LEVEL = 0;
				GCC_PREPROCESSOR_DEFINITIONS = (
					"DEBUG=1",
					"$(inherited)",
				);
				GCC_WARN_64_TO_32_BIT_CONVERSION = YES;
				GCC_WARN_ABOUT_RETURN_TYPE = YES_ERROR;
				GCC_WARN_UNDECLARED_SELECTOR = YES;
				GCC_WARN_UNINITIALIZED_AUTOS = YES_AGGRESSIVE;
				GCC_WARN_UNUSED_FUNCTION = YES;
				GCC_WARN_UNUSED_VARIABLE = YES;
				IPHONEOS_DEPLOYMENT_TARGET = 16.2;
				MTL_ENABLE_DEBUG_INFO = INCLUDE_SOURCE;
				MTL_FAST_MATH = YES;
				ONLY_ACTIVE_ARCH = YES;
				SDKROOT = iphoneos;
				SWIFT_ACTIVE_COMPILATION_CONDITIONS = DEBUG;
				SWIFT_OPTIMIZATION_LEVEL = "-Onone";
			};
			name = Debug;
		};
		22F507D329A7F59B009653A3 /* Release */ = {
			isa = XCBuildConfiguration;
			buildSettings = {
				ALWAYS_SEARCH_USER_PATHS = NO;
				CLANG_ANALYZER_NONNULL = YES;
				CLANG_ANALYZER_NUMBER_OBJECT_CONVERSION = YES_AGGRESSIVE;
				CLANG_CXX_LANGUAGE_STANDARD = "gnu++20";
				CLANG_ENABLE_MODULES = YES;
				CLANG_ENABLE_OBJC_ARC = YES;
				CLANG_ENABLE_OBJC_WEAK = YES;
				CLANG_WARN_BLOCK_CAPTURE_AUTORELEASING = YES;
				CLANG_WARN_BOOL_CONVERSION = YES;
				CLANG_WARN_COMMA = YES;
				CLANG_WARN_CONSTANT_CONVERSION = YES;
				CLANG_WARN_DEPRECATED_OBJC_IMPLEMENTATIONS = YES;
				CLANG_WARN_DIRECT_OBJC_ISA_USAGE = YES_ERROR;
				CLANG_WARN_DOCUMENTATION_COMMENTS = YES;
				CLANG_WARN_EMPTY_BODY = YES;
				CLANG_WARN_ENUM_CONVERSION = YES;
				CLANG_WARN_INFINITE_RECURSION = YES;
				CLANG_WARN_INT_CONVERSION = YES;
				CLANG_WARN_NON_LITERAL_NULL_CONVERSION = YES;
				CLANG_WARN_OBJC_IMPLICIT_RETAIN_SELF = YES;
				CLANG_WARN_OBJC_LITERAL_CONVERSION = YES;
				CLANG_WARN_OBJC_ROOT_CLASS = YES_ERROR;
				CLANG_WARN_QUOTED_INCLUDE_IN_FRAMEWORK_HEADER = YES;
				CLANG_WARN_RANGE_LOOP_ANALYSIS = YES;
				CLANG_WARN_STRICT_PROTOTYPES = YES;
				CLANG_WARN_SUSPICIOUS_MOVE = YES;
				CLANG_WARN_UNGUARDED_AVAILABILITY = YES_AGGRESSIVE;
				CLANG_WARN_UNREACHABLE_CODE = YES;
				CLANG_WARN__DUPLICATE_METHOD_MATCH = YES;
				COPY_PHASE_STRIP = NO;
				DEBUG_INFORMATION_FORMAT = "dwarf-with-dsym";
				ENABLE_NS_ASSERTIONS = NO;
				ENABLE_STRICT_OBJC_MSGSEND = YES;
				GCC_C_LANGUAGE_STANDARD = gnu11;
				GCC_NO_COMMON_BLOCKS = YES;
				GCC_WARN_64_TO_32_BIT_CONVERSION = YES;
				GCC_WARN_ABOUT_RETURN_TYPE = YES_ERROR;
				GCC_WARN_UNDECLARED_SELECTOR = YES;
				GCC_WARN_UNINITIALIZED_AUTOS = YES_AGGRESSIVE;
				GCC_WARN_UNUSED_FUNCTION = YES;
				GCC_WARN_UNUSED_VARIABLE = YES;
				IPHONEOS_DEPLOYMENT_TARGET = 16.2;
				MTL_ENABLE_DEBUG_INFO = NO;
				MTL_FAST_MATH = YES;
				SDKROOT = iphoneos;
				SWIFT_COMPILATION_MODE = wholemodule;
				SWIFT_OPTIMIZATION_LEVEL = "-O";
				VALIDATE_PRODUCT = YES;
			};
			name = Release;
		};
		22F507D529A7F59B009653A3 /* Debug */ = {
			isa = XCBuildConfiguration;
			buildSettings = {
				ASSETCATALOG_COMPILER_APPICON_NAME = AppIcon;
				ASSETCATALOG_COMPILER_GLOBAL_ACCENT_COLOR_NAME = AccentColor;
				CODE_SIGN_STYLE = Automatic;
				CURRENT_PROJECT_VERSION = 1;
				DEVELOPMENT_TEAM = K865WUAKFA;
				GENERATE_INFOPLIST_FILE = YES;
				INFOPLIST_FILE = lovecook/Info.plist;
				INFOPLIST_KEY_CFBundleDisplayName = LoveCook;
				INFOPLIST_KEY_LSApplicationCategoryType = "public.app-category.food-and-drink";
				INFOPLIST_KEY_UIApplicationSupportsIndirectInputEvents = YES;
				INFOPLIST_KEY_UILaunchStoryboardName = Main.storyboard;
				INFOPLIST_KEY_UIMainStoryboardFile = Main;
				INFOPLIST_KEY_UISupportedInterfaceOrientations = UIInterfaceOrientationPortrait;
				LD_RUNPATH_SEARCH_PATHS = (
					"$(inherited)",
					"@executable_path/Frameworks",
				);
				MARKETING_VERSION = 1.0;
				PRODUCT_BUNDLE_IDENTIFIER = com.luridevlabs.lovecook;
				PRODUCT_NAME = "$(TARGET_NAME)";
				SUPPORTED_PLATFORMS = "iphoneos iphonesimulator";
				SUPPORTS_MACCATALYST = NO;
				SUPPORTS_MAC_DESIGNED_FOR_IPHONE_IPAD = NO;
				SWIFT_EMIT_LOC_STRINGS = YES;
				SWIFT_VERSION = 5.0;
				TARGETED_DEVICE_FAMILY = "1,2";
			};
			name = Debug;
		};
		22F507D629A7F59B009653A3 /* Release */ = {
			isa = XCBuildConfiguration;
			buildSettings = {
				ASSETCATALOG_COMPILER_APPICON_NAME = AppIcon;
				ASSETCATALOG_COMPILER_GLOBAL_ACCENT_COLOR_NAME = AccentColor;
				CODE_SIGN_STYLE = Automatic;
				CURRENT_PROJECT_VERSION = 1;
				DEVELOPMENT_TEAM = K865WUAKFA;
				GENERATE_INFOPLIST_FILE = YES;
				INFOPLIST_FILE = lovecook/Info.plist;
				INFOPLIST_KEY_CFBundleDisplayName = LoveCook;
				INFOPLIST_KEY_LSApplicationCategoryType = "public.app-category.food-and-drink";
				INFOPLIST_KEY_UIApplicationSupportsIndirectInputEvents = YES;
				INFOPLIST_KEY_UILaunchStoryboardName = Main.storyboard;
				INFOPLIST_KEY_UIMainStoryboardFile = Main;
				INFOPLIST_KEY_UISupportedInterfaceOrientations = UIInterfaceOrientationPortrait;
				LD_RUNPATH_SEARCH_PATHS = (
					"$(inherited)",
					"@executable_path/Frameworks",
				);
				MARKETING_VERSION = 1.0;
				PRODUCT_BUNDLE_IDENTIFIER = com.luridevlabs.lovecook;
				PRODUCT_NAME = "$(TARGET_NAME)";
				SUPPORTED_PLATFORMS = "iphoneos iphonesimulator";
				SUPPORTS_MACCATALYST = NO;
				SUPPORTS_MAC_DESIGNED_FOR_IPHONE_IPAD = NO;
				SWIFT_EMIT_LOC_STRINGS = YES;
				SWIFT_VERSION = 5.0;
				TARGETED_DEVICE_FAMILY = "1,2";
			};
			name = Release;
		};
		22F507D829A7F59B009653A3 /* Debug */ = {
			isa = XCBuildConfiguration;
			buildSettings = {
				ALWAYS_EMBED_SWIFT_STANDARD_LIBRARIES = YES;
				BUNDLE_LOADER = "$(TEST_HOST)";
				CODE_SIGN_STYLE = Automatic;
				CURRENT_PROJECT_VERSION = 1;
				DEVELOPMENT_TEAM = K865WUAKFA;
				GENERATE_INFOPLIST_FILE = YES;
				IPHONEOS_DEPLOYMENT_TARGET = 16.2;
				MARKETING_VERSION = 1.0;
				PRODUCT_BUNDLE_IDENTIFIER = com.luridevlabs.lovecookTests;
				PRODUCT_NAME = "$(TARGET_NAME)";
				SWIFT_EMIT_LOC_STRINGS = NO;
				SWIFT_VERSION = 5.0;
				TARGETED_DEVICE_FAMILY = "1,2";
				TEST_HOST = "$(BUILT_PRODUCTS_DIR)/lovecook.app/$(BUNDLE_EXECUTABLE_FOLDER_PATH)/lovecook";
			};
			name = Debug;
		};
		22F507D929A7F59B009653A3 /* Release */ = {
			isa = XCBuildConfiguration;
			buildSettings = {
				ALWAYS_EMBED_SWIFT_STANDARD_LIBRARIES = YES;
				BUNDLE_LOADER = "$(TEST_HOST)";
				CODE_SIGN_STYLE = Automatic;
				CURRENT_PROJECT_VERSION = 1;
				DEVELOPMENT_TEAM = K865WUAKFA;
				GENERATE_INFOPLIST_FILE = YES;
				IPHONEOS_DEPLOYMENT_TARGET = 16.2;
				MARKETING_VERSION = 1.0;
				PRODUCT_BUNDLE_IDENTIFIER = com.luridevlabs.lovecookTests;
				PRODUCT_NAME = "$(TARGET_NAME)";
				SWIFT_EMIT_LOC_STRINGS = NO;
				SWIFT_VERSION = 5.0;
				TARGETED_DEVICE_FAMILY = "1,2";
				TEST_HOST = "$(BUILT_PRODUCTS_DIR)/lovecook.app/$(BUNDLE_EXECUTABLE_FOLDER_PATH)/lovecook";
			};
			name = Release;
		};
		22F507DB29A7F59B009653A3 /* Debug */ = {
			isa = XCBuildConfiguration;
			buildSettings = {
				ALWAYS_EMBED_SWIFT_STANDARD_LIBRARIES = YES;
				CODE_SIGN_STYLE = Automatic;
				CURRENT_PROJECT_VERSION = 1;
				DEVELOPMENT_TEAM = K865WUAKFA;
				GENERATE_INFOPLIST_FILE = YES;
				MARKETING_VERSION = 1.0;
				PRODUCT_BUNDLE_IDENTIFIER = com.luridevlabs.lovecookUITests;
				PRODUCT_NAME = "$(TARGET_NAME)";
				SWIFT_EMIT_LOC_STRINGS = NO;
				SWIFT_VERSION = 5.0;
				TARGETED_DEVICE_FAMILY = "1,2";
				TEST_TARGET_NAME = lovecook;
			};
			name = Debug;
		};
		22F507DC29A7F59B009653A3 /* Release */ = {
			isa = XCBuildConfiguration;
			buildSettings = {
				ALWAYS_EMBED_SWIFT_STANDARD_LIBRARIES = YES;
				CODE_SIGN_STYLE = Automatic;
				CURRENT_PROJECT_VERSION = 1;
				DEVELOPMENT_TEAM = K865WUAKFA;
				GENERATE_INFOPLIST_FILE = YES;
				MARKETING_VERSION = 1.0;
				PRODUCT_BUNDLE_IDENTIFIER = com.luridevlabs.lovecookUITests;
				PRODUCT_NAME = "$(TARGET_NAME)";
				SWIFT_EMIT_LOC_STRINGS = NO;
				SWIFT_VERSION = 5.0;
				TARGETED_DEVICE_FAMILY = "1,2";
				TEST_TARGET_NAME = lovecook;
			};
			name = Release;
		};
/* End XCBuildConfiguration section */

/* Begin XCConfigurationList section */
		22F507A529A7F593009653A3 /* Build configuration list for PBXProject "lovecook" */ = {
			isa = XCConfigurationList;
			buildConfigurations = (
				22F507D229A7F59B009653A3 /* Debug */,
				22F507D329A7F59B009653A3 /* Release */,
			);
			defaultConfigurationIsVisible = 0;
			defaultConfigurationName = Release;
		};
		22F507D429A7F59B009653A3 /* Build configuration list for PBXNativeTarget "lovecook" */ = {
			isa = XCConfigurationList;
			buildConfigurations = (
				22F507D529A7F59B009653A3 /* Debug */,
				22F507D629A7F59B009653A3 /* Release */,
			);
			defaultConfigurationIsVisible = 0;
			defaultConfigurationName = Release;
		};
		22F507D729A7F59B009653A3 /* Build configuration list for PBXNativeTarget "lovecookTests" */ = {
			isa = XCConfigurationList;
			buildConfigurations = (
				22F507D829A7F59B009653A3 /* Debug */,
				22F507D929A7F59B009653A3 /* Release */,
			);
			defaultConfigurationIsVisible = 0;
			defaultConfigurationName = Release;
		};
		22F507DA29A7F59B009653A3 /* Build configuration list for PBXNativeTarget "lovecookUITests" */ = {
			isa = XCConfigurationList;
			buildConfigurations = (
				22F507DB29A7F59B009653A3 /* Debug */,
				22F507DC29A7F59B009653A3 /* Release */,
			);
			defaultConfigurationIsVisible = 0;
			defaultConfigurationName = Release;
		};
/* End XCConfigurationList section */

/* Begin XCRemoteSwiftPackageReference section */
		2250271529AAA143003D88EF /* XCRemoteSwiftPackageReference "GoogleSignIn-iOS" */ = {
			isa = XCRemoteSwiftPackageReference;
			repositoryURL = "https://github.com/google/GoogleSignIn-iOS";
			requirement = {
				kind = upToNextMajorVersion;
				minimumVersion = 7.0.0;
			};
		};
/* End XCRemoteSwiftPackageReference section */

/* Begin XCSwiftPackageProductDependency section */
		2250271629AAA143003D88EF /* GoogleSignIn */ = {
			isa = XCSwiftPackageProductDependency;
			package = 2250271529AAA143003D88EF /* XCRemoteSwiftPackageReference "GoogleSignIn-iOS" */;
			productName = GoogleSignIn;
		};
/* End XCSwiftPackageProductDependency section */
	};
	rootObject = 22F507A229A7F593009653A3 /* Project object */;
}
